
Microsoft Visual Studio Solution File, Format Version 12.00
# Visual Studio Version 17
VisualStudioVersion = 17.12.35707.178
MinimumVisualStudioVersion = 10.0.40219.1
Project("{FAE04EC0-301F-11D3-BF4B-00C04F79EFBC}") = "wcf_chat", "wcf_chat\wcf_chat.csproj", "{8D62F123-9BA7-4458-9458-1307738237DC}"
EndProject
Project("{FAE04EC0-301F-11D3-BF4B-00C04F79EFBC}") = "ChatHost", "ChatHost\ChatHost.csproj", "{BDEB935C-6F3E-4572-AD00-CCE4342A8BD1}"
EndProject
Project("{FAE04EC0-301F-11D3-BF4B-00C04F79EFBC}") = "ChatClient", "ChatClient\ChatClient.csproj", "{F7A807E0-8263-4AD2-AE2C-65D5A93F154E}"
EndProject
Global
	GlobalSection(SolutionConfigurationPlatforms) = preSolution
		Debug|Any CPU = Debug|Any CPU
		Release|Any CPU = Release|Any CPU
	EndGlobalSection
	GlobalSection(ProjectConfigurationPlatforms) = postSolution
		{8D62F123-9BA7-4458-9458-1307738237DC}.Debug|Any CPU.ActiveCfg = Debug|Any CPU
		{8D62F123-9BA7-4458-9458-1307738237DC}.Debug|Any CPU.Build.0 = Debug|Any CPU
		{8D62F123-9BA7-4458-9458-1307738237DC}.Release|Any CPU.ActiveCfg = Release|Any CPU
		{8D62F123-9BA7-4458-9458-1307738237DC}.Release|Any CPU.Build.0 = Release|Any CPU
		{BDEB935C-6F3E-4572-AD00-CCE4342A8BD1}.Debug|Any CPU.ActiveCfg = Debug|Any CPU
		{BDEB935C-6F3E-4572-AD00-CCE4342A8BD1}.Debug|Any CPU.Build.0 = Debug|Any CPU
		{BDEB935C-6F3E-4572-AD00-CCE4342A8BD1}.Release|Any CPU.ActiveCfg = Release|Any CPU
		{BDEB935C-6F3E-4572-AD00-CCE4342A8BD1}.Release|Any CPU.Build.0 = Release|Any CPU
		{F7A807E0-8263-4AD2-AE2C-65D5A93F154E}.Debug|Any CPU.ActiveCfg = Debug|Any CPU
		{F7A807E0-8263-4AD2-AE2C-65D5A93F154E}.Debug|Any CPU.Build.0 = Debug|Any CPU
		{F7A807E0-8263-4AD2-AE2C-65D5A93F154E}.Release|Any CPU.ActiveCfg = Release|Any CPU
		{F7A807E0-8263-4AD2-AE2C-65D5A93F154E}.Release|Any CPU.Build.0 = Release|Any CPU
	EndGlobalSection
	GlobalSection(SolutionProperties) = preSolution
		HideSolutionNode = FALSE
	EndGlobalSection
EndGlobal
